
Microsoft Visual Studio Solution File, Format Version 12.00
# Visual Studio Version 17
VisualStudioVersion = 17.8.34205.153
MinimumVisualStudioVersion = 10.0.40219.1
Project("{FAE04EC0-301F-11D3-BF4B-00C04F79EFBC}") = "ZooClaasse", "ZooClaasse\ZooClaasse.csproj", "{E1923DEB-8E75-4EA3-A046-7288D82DF2BF}"
EndProject
Global
	GlobalSection(SolutionConfigurationPlatforms) = preSolution
		Debug|Any CPU = Debug|Any CPU
		Release|Any CPU = Release|Any CPU
	EndGlobalSection
	GlobalSection(ProjectConfigurationPlatforms) = postSolution
		{E1923DEB-8E75-4EA3-A046-7288D82DF2BF}.Debug|Any CPU.ActiveCfg = Debug|Any CPU
		{E1923DEB-8E75-4EA3-A046-7288D82DF2BF}.Debug|Any CPU.Build.0 = Debug|Any CPU
		{E1923DEB-8E75-4EA3-A046-7288D82DF2BF}.Release|Any CPU.ActiveCfg = Release|Any CPU
		{E1923DEB-8E75-4EA3-A046-7288D82DF2BF}.Release|Any CPU.Build.0 = Release|Any CPU
	EndGlobalSection
	GlobalSection(SolutionProperties) = preSolution
		HideSolutionNode = FALSE
	EndGlobalSection
	GlobalSection(ExtensibilityGlobals) = postSolution
		SolutionGuid = {3EABDDF0-7986-45D3-B958-92242FD50AB5}
	EndGlobalSection
EndGlobal
