
Microsoft Visual Studio Solution File, Format Version 12.00
# Visual Studio Version 17
VisualStudioVersion = 17.5.33502.453
MinimumVisualStudioVersion = 10.0.40219.1
Project("{FAE04EC0-301F-11D3-BF4B-00C04F79EFBC}") = "verifica1", "verifica1\verifica1.csproj", "{3507262C-6C34-4745-BAB7-6E5A8AEB58C2}"
EndProject
Global
	GlobalSection(SolutionConfigurationPlatforms) = preSolution
		Debug|Any CPU = Debug|Any CPU
		Release|Any CPU = Release|Any CPU
	EndGlobalSection
	GlobalSection(ProjectConfigurationPlatforms) = postSolution
		{3507262C-6C34-4745-BAB7-6E5A8AEB58C2}.Debug|Any CPU.ActiveCfg = Debug|Any CPU
		{3507262C-6C34-4745-BAB7-6E5A8AEB58C2}.Debug|Any CPU.Build.0 = Debug|Any CPU
		{3507262C-6C34-4745-BAB7-6E5A8AEB58C2}.Release|Any CPU.ActiveCfg = Release|Any CPU
		{3507262C-6C34-4745-BAB7-6E5A8AEB58C2}.Release|Any CPU.Build.0 = Release|Any CPU
	EndGlobalSection
	GlobalSection(SolutionProperties) = preSolution
		HideSolutionNode = FALSE
	EndGlobalSection
	GlobalSection(ExtensibilityGlobals) = postSolution
		SolutionGuid = {8E3FD6B3-D9DB-4D3B-93E6-4BB44F6D1149}
	EndGlobalSection
EndGlobal
