
Microsoft Visual Studio Solution File, Format Version 12.00
# Visual Studio Version 17
VisualStudioVersion = 17.4.33110.190
MinimumVisualStudioVersion = 10.0.40219.1
Project("{FAE04EC0-301F-11D3-BF4B-00C04F79EFBC}") = "Alea iacta est", "Alea iacta est\Alea iacta est.csproj", "{6600F685-D8BF-45FA-96E3-D959F497C4CF}"
EndProject
Global
	GlobalSection(SolutionConfigurationPlatforms) = preSolution
		Debug|Any CPU = Debug|Any CPU
		Release|Any CPU = Release|Any CPU
	EndGlobalSection
	GlobalSection(ProjectConfigurationPlatforms) = postSolution
		{6600F685-D8BF-45FA-96E3-D959F497C4CF}.Debug|Any CPU.ActiveCfg = Debug|Any CPU
		{6600F685-D8BF-45FA-96E3-D959F497C4CF}.Debug|Any CPU.Build.0 = Debug|Any CPU
		{6600F685-D8BF-45FA-96E3-D959F497C4CF}.Release|Any CPU.ActiveCfg = Release|Any CPU
		{6600F685-D8BF-45FA-96E3-D959F497C4CF}.Release|Any CPU.Build.0 = Release|Any CPU
	EndGlobalSection
	GlobalSection(SolutionProperties) = preSolution
		HideSolutionNode = FALSE
	EndGlobalSection
	GlobalSection(ExtensibilityGlobals) = postSolution
		SolutionGuid = {5F2E5C61-DD75-46AB-8BD5-4F7C14A72E2E}
	EndGlobalSection
EndGlobal
