
Microsoft Visual Studio Solution File, Format Version 12.00
# Visual Studio Version 17
VisualStudioVersion = 17.4.33205.214
MinimumVisualStudioVersion = 10.0.40219.1
Project("{FAE04EC0-301F-11D3-BF4B-00C04F79EFBC}") = "conversione base", "conversione base\conversione base.csproj", "{0C0DD01D-7E6C-463A-A895-8299A7C7D321}"
EndProject
Global
	GlobalSection(SolutionConfigurationPlatforms) = preSolution
		Debug|Any CPU = Debug|Any CPU
		Release|Any CPU = Release|Any CPU
	EndGlobalSection
	GlobalSection(ProjectConfigurationPlatforms) = postSolution
		{0C0DD01D-7E6C-463A-A895-8299A7C7D321}.Debug|Any CPU.ActiveCfg = Debug|Any CPU
		{0C0DD01D-7E6C-463A-A895-8299A7C7D321}.Debug|Any CPU.Build.0 = Debug|Any CPU
		{0C0DD01D-7E6C-463A-A895-8299A7C7D321}.Release|Any CPU.ActiveCfg = Release|Any CPU
		{0C0DD01D-7E6C-463A-A895-8299A7C7D321}.Release|Any CPU.Build.0 = Release|Any CPU
	EndGlobalSection
	GlobalSection(SolutionProperties) = preSolution
		HideSolutionNode = FALSE
	EndGlobalSection
	GlobalSection(ExtensibilityGlobals) = postSolution
		SolutionGuid = {471B10E0-A0CD-4E54-9FAD-CFE18622996D}
	EndGlobalSection
EndGlobal
