
Microsoft Visual Studio Solution File, Format Version 12.00
# Visual Studio Version 17
VisualStudioVersion = 17.8.34205.153
MinimumVisualStudioVersion = 10.0.40219.1
Project("{FAE04EC0-301F-11D3-BF4B-00C04F79EFBC}") = "AnagraficaStato", "AnagraficaStato\AnagraficaStato.csproj", "{953202DA-1435-4213-88F6-E8F6E35F76F8}"
EndProject
Global
	GlobalSection(SolutionConfigurationPlatforms) = preSolution
		Debug|Any CPU = Debug|Any CPU
		Release|Any CPU = Release|Any CPU
	EndGlobalSection
	GlobalSection(ProjectConfigurationPlatforms) = postSolution
		{953202DA-1435-4213-88F6-E8F6E35F76F8}.Debug|Any CPU.ActiveCfg = Debug|Any CPU
		{953202DA-1435-4213-88F6-E8F6E35F76F8}.Debug|Any CPU.Build.0 = Debug|Any CPU
		{953202DA-1435-4213-88F6-E8F6E35F76F8}.Release|Any CPU.ActiveCfg = Release|Any CPU
		{953202DA-1435-4213-88F6-E8F6E35F76F8}.Release|Any CPU.Build.0 = Release|Any CPU
	EndGlobalSection
	GlobalSection(SolutionProperties) = preSolution
		HideSolutionNode = FALSE
	EndGlobalSection
	GlobalSection(ExtensibilityGlobals) = postSolution
		SolutionGuid = {3C2A92C6-BFEB-40B6-A7AA-AC94BD31AA23}
	EndGlobalSection
EndGlobal
