
Microsoft Visual Studio Solution File, Format Version 12.00
# Visual Studio Version 17
VisualStudioVersion = 17.5.33530.505
MinimumVisualStudioVersion = 10.0.40219.1
Project("{FAE04EC0-301F-11D3-BF4B-00C04F79EFBC}") = "Giustifica", "Giustifica\Giustifica.csproj", "{779E64C0-C283-46FD-A3E9-6534F51C10A4}"
EndProject
Global
	GlobalSection(SolutionConfigurationPlatforms) = preSolution
		Debug|Any CPU = Debug|Any CPU
		Release|Any CPU = Release|Any CPU
	EndGlobalSection
	GlobalSection(ProjectConfigurationPlatforms) = postSolution
		{779E64C0-C283-46FD-A3E9-6534F51C10A4}.Debug|Any CPU.ActiveCfg = Debug|Any CPU
		{779E64C0-C283-46FD-A3E9-6534F51C10A4}.Debug|Any CPU.Build.0 = Debug|Any CPU
		{779E64C0-C283-46FD-A3E9-6534F51C10A4}.Release|Any CPU.ActiveCfg = Release|Any CPU
		{779E64C0-C283-46FD-A3E9-6534F51C10A4}.Release|Any CPU.Build.0 = Release|Any CPU
	EndGlobalSection
	GlobalSection(SolutionProperties) = preSolution
		HideSolutionNode = FALSE
	EndGlobalSection
	GlobalSection(ExtensibilityGlobals) = postSolution
		SolutionGuid = {F0F16D79-7D91-48C7-B24B-625F682EAA40}
	EndGlobalSection
EndGlobal
