
Microsoft Visual Studio Solution File, Format Version 12.00
# Visual Studio Version 17
VisualStudioVersion = 17.8.34309.116
MinimumVisualStudioVersion = 10.0.40219.1
Project("{FAE04EC0-301F-11D3-BF4B-00C04F79EFBC}") = "VisualeForms", "VisualeForms\VisualeForms.csproj", "{A32AF7F4-69CE-4745-9AC1-05E8D67CBD8F}"
EndProject
Global
	GlobalSection(SolutionConfigurationPlatforms) = preSolution
		Debug|Any CPU = Debug|Any CPU
		Release|Any CPU = Release|Any CPU
	EndGlobalSection
	GlobalSection(ProjectConfigurationPlatforms) = postSolution
		{A32AF7F4-69CE-4745-9AC1-05E8D67CBD8F}.Debug|Any CPU.ActiveCfg = Debug|Any CPU
		{A32AF7F4-69CE-4745-9AC1-05E8D67CBD8F}.Debug|Any CPU.Build.0 = Debug|Any CPU
		{A32AF7F4-69CE-4745-9AC1-05E8D67CBD8F}.Release|Any CPU.ActiveCfg = Release|Any CPU
		{A32AF7F4-69CE-4745-9AC1-05E8D67CBD8F}.Release|Any CPU.Build.0 = Release|Any CPU
	EndGlobalSection
	GlobalSection(SolutionProperties) = preSolution
		HideSolutionNode = FALSE
	EndGlobalSection
	GlobalSection(ExtensibilityGlobals) = postSolution
		SolutionGuid = {EFD283E6-A42E-4BF9-847F-848A227A5D23}
	EndGlobalSection
EndGlobal
