
Microsoft Visual Studio Solution File, Format Version 12.00
# Visual Studio Version 16
VisualStudioVersion = 16.0.31402.337
MinimumVisualStudioVersion = 10.0.40219.1
Project("{FAE04EC0-301F-11D3-BF4B-00C04F79EFBC}") = "Tiro a segno", "Tiro a segno.csproj", "{AF6001E9-A55E-48B3-A60B-A46278C870C2}"
EndProject
Global
	GlobalSection(SolutionConfigurationPlatforms) = preSolution
		Debug|Any CPU = Debug|Any CPU
		Release|Any CPU = Release|Any CPU
	EndGlobalSection
	GlobalSection(ProjectConfigurationPlatforms) = postSolution
		{AF6001E9-A55E-48B3-A60B-A46278C870C2}.Debug|Any CPU.ActiveCfg = Debug|Any CPU
		{AF6001E9-A55E-48B3-A60B-A46278C870C2}.Debug|Any CPU.Build.0 = Debug|Any CPU
		{AF6001E9-A55E-48B3-A60B-A46278C870C2}.Release|Any CPU.ActiveCfg = Release|Any CPU
		{AF6001E9-A55E-48B3-A60B-A46278C870C2}.Release|Any CPU.Build.0 = Release|Any CPU
	EndGlobalSection
	GlobalSection(SolutionProperties) = preSolution
		HideSolutionNode = FALSE
	EndGlobalSection
	GlobalSection(ExtensibilityGlobals) = postSolution
		SolutionGuid = {5F9260DD-6FC0-4919-B544-498D1ECA4F49}
	EndGlobalSection
EndGlobal
