
Microsoft Visual Studio Solution File, Format Version 12.00
# Visual Studio Version 17
VisualStudioVersion = 17.8.34205.153
MinimumVisualStudioVersion = 10.0.40219.1
Project("{FAE04EC0-301F-11D3-BF4B-00C04F79EFBC}") = "RipassoItinere2", "RipassoItinere2\RipassoItinere2.csproj", "{90A926B6-E490-4D12-9494-80D401DD692B}"
EndProject
Global
	GlobalSection(SolutionConfigurationPlatforms) = preSolution
		Debug|Any CPU = Debug|Any CPU
		Release|Any CPU = Release|Any CPU
	EndGlobalSection
	GlobalSection(ProjectConfigurationPlatforms) = postSolution
		{90A926B6-E490-4D12-9494-80D401DD692B}.Debug|Any CPU.ActiveCfg = Debug|Any CPU
		{90A926B6-E490-4D12-9494-80D401DD692B}.Debug|Any CPU.Build.0 = Debug|Any CPU
		{90A926B6-E490-4D12-9494-80D401DD692B}.Release|Any CPU.ActiveCfg = Release|Any CPU
		{90A926B6-E490-4D12-9494-80D401DD692B}.Release|Any CPU.Build.0 = Release|Any CPU
	EndGlobalSection
	GlobalSection(SolutionProperties) = preSolution
		HideSolutionNode = FALSE
	EndGlobalSection
	GlobalSection(ExtensibilityGlobals) = postSolution
		SolutionGuid = {5C85B260-6088-473F-96FF-19908BA67B3B}
	EndGlobalSection
EndGlobal
