
Microsoft Visual Studio Solution File, Format Version 12.00
# Visual Studio Version 17
VisualStudioVersion = 17.4.33205.214
MinimumVisualStudioVersion = 10.0.40219.1
Project("{FAE04EC0-301F-11D3-BF4B-00C04F79EFBC}") = "LaScuolaElementare", "LaScuolaElementare\LaScuolaElementare.csproj", "{8B6102B0-3B94-49DB-91CD-7F61BCEBA01B}"
EndProject
Global
	GlobalSection(SolutionConfigurationPlatforms) = preSolution
		Debug|Any CPU = Debug|Any CPU
		Release|Any CPU = Release|Any CPU
	EndGlobalSection
	GlobalSection(ProjectConfigurationPlatforms) = postSolution
		{8B6102B0-3B94-49DB-91CD-7F61BCEBA01B}.Debug|Any CPU.ActiveCfg = Debug|Any CPU
		{8B6102B0-3B94-49DB-91CD-7F61BCEBA01B}.Debug|Any CPU.Build.0 = Debug|Any CPU
		{8B6102B0-3B94-49DB-91CD-7F61BCEBA01B}.Release|Any CPU.ActiveCfg = Release|Any CPU
		{8B6102B0-3B94-49DB-91CD-7F61BCEBA01B}.Release|Any CPU.Build.0 = Release|Any CPU
	EndGlobalSection
	GlobalSection(SolutionProperties) = preSolution
		HideSolutionNode = FALSE
	EndGlobalSection
	GlobalSection(ExtensibilityGlobals) = postSolution
		SolutionGuid = {04D3C42E-73CA-4AAB-86DC-59531EFBFC7A}
	EndGlobalSection
EndGlobal
