
Microsoft Visual Studio Solution File, Format Version 12.00
# Visual Studio Version 17
VisualStudioVersion = 17.5.33530.505
MinimumVisualStudioVersion = 10.0.40219.1
Project("{FAE04EC0-301F-11D3-BF4B-00C04F79EFBC}") = "Fiammiferi", "Fiammiferi\Fiammiferi.csproj", "{3AB0B0AC-9F0A-4564-865C-87772605943A}"
EndProject
Global
	GlobalSection(SolutionConfigurationPlatforms) = preSolution
		Debug|Any CPU = Debug|Any CPU
		Release|Any CPU = Release|Any CPU
	EndGlobalSection
	GlobalSection(ProjectConfigurationPlatforms) = postSolution
		{3AB0B0AC-9F0A-4564-865C-87772605943A}.Debug|Any CPU.ActiveCfg = Debug|Any CPU
		{3AB0B0AC-9F0A-4564-865C-87772605943A}.Debug|Any CPU.Build.0 = Debug|Any CPU
		{3AB0B0AC-9F0A-4564-865C-87772605943A}.Release|Any CPU.ActiveCfg = Release|Any CPU
		{3AB0B0AC-9F0A-4564-865C-87772605943A}.Release|Any CPU.Build.0 = Release|Any CPU
	EndGlobalSection
	GlobalSection(SolutionProperties) = preSolution
		HideSolutionNode = FALSE
	EndGlobalSection
	GlobalSection(ExtensibilityGlobals) = postSolution
		SolutionGuid = {6A0F57AE-D765-410D-A3E7-550918B77DEA}
	EndGlobalSection
EndGlobal
