
Microsoft Visual Studio Solution File, Format Version 12.00
# Visual Studio Version 17
VisualStudioVersion = 17.5.33502.453
MinimumVisualStudioVersion = 10.0.40219.1
Project("{FAE04EC0-301F-11D3-BF4B-00C04F79EFBC}") = "verifica2", "verifica2\verifica2.csproj", "{29A3BB9A-281C-4258-A736-196FB2B2ECF1}"
EndProject
Global
	GlobalSection(SolutionConfigurationPlatforms) = preSolution
		Debug|Any CPU = Debug|Any CPU
		Release|Any CPU = Release|Any CPU
	EndGlobalSection
	GlobalSection(ProjectConfigurationPlatforms) = postSolution
		{29A3BB9A-281C-4258-A736-196FB2B2ECF1}.Debug|Any CPU.ActiveCfg = Debug|Any CPU
		{29A3BB9A-281C-4258-A736-196FB2B2ECF1}.Debug|Any CPU.Build.0 = Debug|Any CPU
		{29A3BB9A-281C-4258-A736-196FB2B2ECF1}.Release|Any CPU.ActiveCfg = Release|Any CPU
		{29A3BB9A-281C-4258-A736-196FB2B2ECF1}.Release|Any CPU.Build.0 = Release|Any CPU
	EndGlobalSection
	GlobalSection(SolutionProperties) = preSolution
		HideSolutionNode = FALSE
	EndGlobalSection
	GlobalSection(ExtensibilityGlobals) = postSolution
		SolutionGuid = {D1C81E62-6C62-4528-A6E7-C841D50855B6}
	EndGlobalSection
EndGlobal
