
Microsoft Visual Studio Solution File, Format Version 12.00
# Visual Studio Version 17
VisualStudioVersion = 17.7.33927.210
MinimumVisualStudioVersion = 10.0.40219.1
Project("{FAE04EC0-301F-11D3-BF4B-00C04F79EFBC}") = "Anagrafica", "Anagrafica\Anagrafica.csproj", "{BC728C06-2201-4D43-A1FD-D32AEB27C1E4}"
EndProject
Global
	GlobalSection(SolutionConfigurationPlatforms) = preSolution
		Debug|Any CPU = Debug|Any CPU
		Release|Any CPU = Release|Any CPU
	EndGlobalSection
	GlobalSection(ProjectConfigurationPlatforms) = postSolution
		{BC728C06-2201-4D43-A1FD-D32AEB27C1E4}.Debug|Any CPU.ActiveCfg = Debug|Any CPU
		{BC728C06-2201-4D43-A1FD-D32AEB27C1E4}.Debug|Any CPU.Build.0 = Debug|Any CPU
		{BC728C06-2201-4D43-A1FD-D32AEB27C1E4}.Release|Any CPU.ActiveCfg = Release|Any CPU
		{BC728C06-2201-4D43-A1FD-D32AEB27C1E4}.Release|Any CPU.Build.0 = Release|Any CPU
	EndGlobalSection
	GlobalSection(SolutionProperties) = preSolution
		HideSolutionNode = FALSE
	EndGlobalSection
	GlobalSection(ExtensibilityGlobals) = postSolution
		SolutionGuid = {0151D870-D440-4BB5-B0D7-61ADF3B7AED1}
	EndGlobalSection
EndGlobal
