
Microsoft Visual Studio Solution File, Format Version 12.00
# Visual Studio Version 17
VisualStudioVersion = 17.3.32929.385
MinimumVisualStudioVersion = 10.0.40219.1
Project("{FAE04EC0-301F-11D3-BF4B-00C04F79EFBC}") = "variabili1", "variabili1\variabili1.csproj", "{5ED54434-9831-42F8-8D80-863209D4E225}"
EndProject
Global
	GlobalSection(SolutionConfigurationPlatforms) = preSolution
		Debug|Any CPU = Debug|Any CPU
		Release|Any CPU = Release|Any CPU
	EndGlobalSection
	GlobalSection(ProjectConfigurationPlatforms) = postSolution
		{5ED54434-9831-42F8-8D80-863209D4E225}.Debug|Any CPU.ActiveCfg = Debug|Any CPU
		{5ED54434-9831-42F8-8D80-863209D4E225}.Debug|Any CPU.Build.0 = Debug|Any CPU
		{5ED54434-9831-42F8-8D80-863209D4E225}.Release|Any CPU.ActiveCfg = Release|Any CPU
		{5ED54434-9831-42F8-8D80-863209D4E225}.Release|Any CPU.Build.0 = Release|Any CPU
	EndGlobalSection
	GlobalSection(SolutionProperties) = preSolution
		HideSolutionNode = FALSE
	EndGlobalSection
	GlobalSection(ExtensibilityGlobals) = postSolution
		SolutionGuid = {1817183D-161D-4C57-B80C-AAC7525D7F52}
	EndGlobalSection
EndGlobal
