
Microsoft Visual Studio Solution File, Format Version 12.00
# Visual Studio Version 17
VisualStudioVersion = 17.4.33205.214
MinimumVisualStudioVersion = 10.0.40219.1
Project("{FAE04EC0-301F-11D3-BF4B-00C04F79EFBC}") = "Conversione Base 2", "Conversione Base 2\Conversione Base 2.csproj", "{96CE9B83-EA35-4D75-BF57-70CCECFFABAB}"
EndProject
Global
	GlobalSection(SolutionConfigurationPlatforms) = preSolution
		Debug|Any CPU = Debug|Any CPU
		Release|Any CPU = Release|Any CPU
	EndGlobalSection
	GlobalSection(ProjectConfigurationPlatforms) = postSolution
		{96CE9B83-EA35-4D75-BF57-70CCECFFABAB}.Debug|Any CPU.ActiveCfg = Debug|Any CPU
		{96CE9B83-EA35-4D75-BF57-70CCECFFABAB}.Debug|Any CPU.Build.0 = Debug|Any CPU
		{96CE9B83-EA35-4D75-BF57-70CCECFFABAB}.Release|Any CPU.ActiveCfg = Release|Any CPU
		{96CE9B83-EA35-4D75-BF57-70CCECFFABAB}.Release|Any CPU.Build.0 = Release|Any CPU
	EndGlobalSection
	GlobalSection(SolutionProperties) = preSolution
		HideSolutionNode = FALSE
	EndGlobalSection
	GlobalSection(ExtensibilityGlobals) = postSolution
		SolutionGuid = {D59837E7-061F-4F3C-BABD-CAEC8B0D79A1}
	EndGlobalSection
EndGlobal
