
Microsoft Visual Studio Solution File, Format Version 12.00
# Visual Studio Version 16
VisualStudioVersion = 16.0.31402.337
MinimumVisualStudioVersion = 10.0.40219.1
Project("{FAE04EC0-301F-11D3-BF4B-00C04F79EFBC}") = "Vinaio pt5", "Vinaio pt5.csproj", "{697A3B4C-14FC-4087-94E7-6C457D16112D}"
EndProject
Global
	GlobalSection(SolutionConfigurationPlatforms) = preSolution
		Debug|Any CPU = Debug|Any CPU
		Release|Any CPU = Release|Any CPU
	EndGlobalSection
	GlobalSection(ProjectConfigurationPlatforms) = postSolution
		{697A3B4C-14FC-4087-94E7-6C457D16112D}.Debug|Any CPU.ActiveCfg = Debug|Any CPU
		{697A3B4C-14FC-4087-94E7-6C457D16112D}.Debug|Any CPU.Build.0 = Debug|Any CPU
		{697A3B4C-14FC-4087-94E7-6C457D16112D}.Release|Any CPU.ActiveCfg = Release|Any CPU
		{697A3B4C-14FC-4087-94E7-6C457D16112D}.Release|Any CPU.Build.0 = Release|Any CPU
	EndGlobalSection
	GlobalSection(SolutionProperties) = preSolution
		HideSolutionNode = FALSE
	EndGlobalSection
	GlobalSection(ExtensibilityGlobals) = postSolution
		SolutionGuid = {D938EF57-A13B-4E24-9EEC-B4F147641267}
	EndGlobalSection
EndGlobal
