
Microsoft Visual Studio Solution File, Format Version 12.00
# Visual Studio Version 17
VisualStudioVersion = 17.5.33502.453
MinimumVisualStudioVersion = 10.0.40219.1
Project("{FAE04EC0-301F-11D3-BF4B-00C04F79EFBC}") = "SassoCartaForbici", "SassoCartaForbici\SassoCartaForbici.csproj", "{1EDF32C8-9376-4DF1-B85C-E2C1FB3A7DF5}"
EndProject
Global
	GlobalSection(SolutionConfigurationPlatforms) = preSolution
		Debug|Any CPU = Debug|Any CPU
		Release|Any CPU = Release|Any CPU
	EndGlobalSection
	GlobalSection(ProjectConfigurationPlatforms) = postSolution
		{1EDF32C8-9376-4DF1-B85C-E2C1FB3A7DF5}.Debug|Any CPU.ActiveCfg = Debug|Any CPU
		{1EDF32C8-9376-4DF1-B85C-E2C1FB3A7DF5}.Debug|Any CPU.Build.0 = Debug|Any CPU
		{1EDF32C8-9376-4DF1-B85C-E2C1FB3A7DF5}.Release|Any CPU.ActiveCfg = Release|Any CPU
		{1EDF32C8-9376-4DF1-B85C-E2C1FB3A7DF5}.Release|Any CPU.Build.0 = Release|Any CPU
	EndGlobalSection
	GlobalSection(SolutionProperties) = preSolution
		HideSolutionNode = FALSE
	EndGlobalSection
	GlobalSection(ExtensibilityGlobals) = postSolution
		SolutionGuid = {A9060C7C-88A5-4196-A036-5C62E24E7937}
	EndGlobalSection
EndGlobal
