
Microsoft Visual Studio Solution File, Format Version 12.00
# Visual Studio Version 16
VisualStudioVersion = 16.0.31402.337
MinimumVisualStudioVersion = 10.0.40219.1
Project("{FAE04EC0-301F-11D3-BF4B-00C04F79EFBC}") = "switch", "switch.csproj", "{B6C8D979-C11E-419F-AB25-69BEE6159DE0}"
EndProject
Global
	GlobalSection(SolutionConfigurationPlatforms) = preSolution
		Debug|Any CPU = Debug|Any CPU
		Release|Any CPU = Release|Any CPU
	EndGlobalSection
	GlobalSection(ProjectConfigurationPlatforms) = postSolution
		{B6C8D979-C11E-419F-AB25-69BEE6159DE0}.Debug|Any CPU.ActiveCfg = Debug|Any CPU
		{B6C8D979-C11E-419F-AB25-69BEE6159DE0}.Debug|Any CPU.Build.0 = Debug|Any CPU
		{B6C8D979-C11E-419F-AB25-69BEE6159DE0}.Release|Any CPU.ActiveCfg = Release|Any CPU
		{B6C8D979-C11E-419F-AB25-69BEE6159DE0}.Release|Any CPU.Build.0 = Release|Any CPU
	EndGlobalSection
	GlobalSection(SolutionProperties) = preSolution
		HideSolutionNode = FALSE
	EndGlobalSection
	GlobalSection(ExtensibilityGlobals) = postSolution
		SolutionGuid = {EABD1272-BC05-4540-B4F6-8B3DCECCC922}
	EndGlobalSection
EndGlobal
