
Microsoft Visual Studio Solution File, Format Version 12.00
# Visual Studio Version 16
VisualStudioVersion = 16.0.31402.337
MinimumVisualStudioVersion = 10.0.40219.1
Project("{FAE04EC0-301F-11D3-BF4B-00C04F79EFBC}") = "MaesraGita", "MaesraGita.csproj", "{9528FE76-301A-48CC-A981-216CA208DCF7}"
EndProject
Global
	GlobalSection(SolutionConfigurationPlatforms) = preSolution
		Debug|Any CPU = Debug|Any CPU
		Release|Any CPU = Release|Any CPU
	EndGlobalSection
	GlobalSection(ProjectConfigurationPlatforms) = postSolution
		{9528FE76-301A-48CC-A981-216CA208DCF7}.Debug|Any CPU.ActiveCfg = Debug|Any CPU
		{9528FE76-301A-48CC-A981-216CA208DCF7}.Debug|Any CPU.Build.0 = Debug|Any CPU
		{9528FE76-301A-48CC-A981-216CA208DCF7}.Release|Any CPU.ActiveCfg = Release|Any CPU
		{9528FE76-301A-48CC-A981-216CA208DCF7}.Release|Any CPU.Build.0 = Release|Any CPU
	EndGlobalSection
	GlobalSection(SolutionProperties) = preSolution
		HideSolutionNode = FALSE
	EndGlobalSection
	GlobalSection(ExtensibilityGlobals) = postSolution
		SolutionGuid = {A11CA360-57A3-4B20-9FAB-7DA2E1B069EC}
	EndGlobalSection
EndGlobal
