
Microsoft Visual Studio Solution File, Format Version 12.00
# Visual Studio Version 16
VisualStudioVersion = 16.0.31402.337
MinimumVisualStudioVersion = 10.0.40219.1
Project("{FAE04EC0-301F-11D3-BF4B-00C04F79EFBC}") = "paint", "paint.csproj", "{E5DD3514-FDBB-4153-A9E1-CED561E7A8C9}"
EndProject
Global
	GlobalSection(SolutionConfigurationPlatforms) = preSolution
		Debug|Any CPU = Debug|Any CPU
		Release|Any CPU = Release|Any CPU
	EndGlobalSection
	GlobalSection(ProjectConfigurationPlatforms) = postSolution
		{E5DD3514-FDBB-4153-A9E1-CED561E7A8C9}.Debug|Any CPU.ActiveCfg = Debug|Any CPU
		{E5DD3514-FDBB-4153-A9E1-CED561E7A8C9}.Debug|Any CPU.Build.0 = Debug|Any CPU
		{E5DD3514-FDBB-4153-A9E1-CED561E7A8C9}.Release|Any CPU.ActiveCfg = Release|Any CPU
		{E5DD3514-FDBB-4153-A9E1-CED561E7A8C9}.Release|Any CPU.Build.0 = Release|Any CPU
	EndGlobalSection
	GlobalSection(SolutionProperties) = preSolution
		HideSolutionNode = FALSE
	EndGlobalSection
	GlobalSection(ExtensibilityGlobals) = postSolution
		SolutionGuid = {453F49F0-74B2-48CD-8CFA-1813B8086601}
	EndGlobalSection
EndGlobal
