
Microsoft Visual Studio Solution File, Format Version 12.00
# Visual Studio Version 17
VisualStudioVersion = 17.9.34518.117
MinimumVisualStudioVersion = 10.0.40219.1
Project("{FAE04EC0-301F-11D3-BF4B-00C04F79EFBC}") = "PuntoNelloSpazio", "PuntoNelloSpazio\PuntoNelloSpazio.csproj", "{F163D7F5-4C42-4D2E-BA9F-2BD5372F1435}"
EndProject
Global
	GlobalSection(SolutionConfigurationPlatforms) = preSolution
		Debug|Any CPU = Debug|Any CPU
		Release|Any CPU = Release|Any CPU
	EndGlobalSection
	GlobalSection(ProjectConfigurationPlatforms) = postSolution
		{F163D7F5-4C42-4D2E-BA9F-2BD5372F1435}.Debug|Any CPU.ActiveCfg = Debug|Any CPU
		{F163D7F5-4C42-4D2E-BA9F-2BD5372F1435}.Debug|Any CPU.Build.0 = Debug|Any CPU
		{F163D7F5-4C42-4D2E-BA9F-2BD5372F1435}.Release|Any CPU.ActiveCfg = Release|Any CPU
		{F163D7F5-4C42-4D2E-BA9F-2BD5372F1435}.Release|Any CPU.Build.0 = Release|Any CPU
	EndGlobalSection
	GlobalSection(SolutionProperties) = preSolution
		HideSolutionNode = FALSE
	EndGlobalSection
	GlobalSection(ExtensibilityGlobals) = postSolution
		SolutionGuid = {89E97005-5747-491F-A02C-6B82720498E7}
	EndGlobalSection
EndGlobal
