
Microsoft Visual Studio Solution File, Format Version 12.00
# Visual Studio Version 16
VisualStudioVersion = 16.0.31402.337
MinimumVisualStudioVersion = 10.0.40219.1
Project("{FAE04EC0-301F-11D3-BF4B-00C04F79EFBC}") = "LottoVenezia", "LottoVenezia.csproj", "{61C103F4-BB05-4F96-A19C-486DC88D6A61}"
EndProject
Global
	GlobalSection(SolutionConfigurationPlatforms) = preSolution
		Debug|Any CPU = Debug|Any CPU
		Release|Any CPU = Release|Any CPU
	EndGlobalSection
	GlobalSection(ProjectConfigurationPlatforms) = postSolution
		{61C103F4-BB05-4F96-A19C-486DC88D6A61}.Debug|Any CPU.ActiveCfg = Debug|Any CPU
		{61C103F4-BB05-4F96-A19C-486DC88D6A61}.Debug|Any CPU.Build.0 = Debug|Any CPU
		{61C103F4-BB05-4F96-A19C-486DC88D6A61}.Release|Any CPU.ActiveCfg = Release|Any CPU
		{61C103F4-BB05-4F96-A19C-486DC88D6A61}.Release|Any CPU.Build.0 = Release|Any CPU
	EndGlobalSection
	GlobalSection(SolutionProperties) = preSolution
		HideSolutionNode = FALSE
	EndGlobalSection
	GlobalSection(ExtensibilityGlobals) = postSolution
		SolutionGuid = {5E08816B-F3F2-47ED-A932-29BBBF406E0D}
	EndGlobalSection
EndGlobal
