
Microsoft Visual Studio Solution File, Format Version 12.00
# Visual Studio Version 17
VisualStudioVersion = 17.4.33110.190
MinimumVisualStudioVersion = 10.0.40219.1
Project("{FAE04EC0-301F-11D3-BF4B-00C04F79EFBC}") = "numPos", "numPos\numPos.csproj", "{16EBF180-2ECD-43A5-9209-B9FF9EEAD40E}"
EndProject
Global
	GlobalSection(SolutionConfigurationPlatforms) = preSolution
		Debug|Any CPU = Debug|Any CPU
		Release|Any CPU = Release|Any CPU
	EndGlobalSection
	GlobalSection(ProjectConfigurationPlatforms) = postSolution
		{16EBF180-2ECD-43A5-9209-B9FF9EEAD40E}.Debug|Any CPU.ActiveCfg = Debug|Any CPU
		{16EBF180-2ECD-43A5-9209-B9FF9EEAD40E}.Debug|Any CPU.Build.0 = Debug|Any CPU
		{16EBF180-2ECD-43A5-9209-B9FF9EEAD40E}.Release|Any CPU.ActiveCfg = Release|Any CPU
		{16EBF180-2ECD-43A5-9209-B9FF9EEAD40E}.Release|Any CPU.Build.0 = Release|Any CPU
	EndGlobalSection
	GlobalSection(SolutionProperties) = preSolution
		HideSolutionNode = FALSE
	EndGlobalSection
	GlobalSection(ExtensibilityGlobals) = postSolution
		SolutionGuid = {39004B29-5A76-42A4-80DA-D3DBCAB027CA}
	EndGlobalSection
EndGlobal
