
Microsoft Visual Studio Solution File, Format Version 12.00
# Visual Studio Version 17
VisualStudioVersion = 17.4.33205.214
MinimumVisualStudioVersion = 10.0.40219.1
Project("{FAE04EC0-301F-11D3-BF4B-00C04F79EFBC}") = "Read", "Read\Read.csproj", "{A2166F8D-3B1D-45AD-99D3-37E2AE4980E2}"
EndProject
Global
	GlobalSection(SolutionConfigurationPlatforms) = preSolution
		Debug|Any CPU = Debug|Any CPU
		Release|Any CPU = Release|Any CPU
	EndGlobalSection
	GlobalSection(ProjectConfigurationPlatforms) = postSolution
		{A2166F8D-3B1D-45AD-99D3-37E2AE4980E2}.Debug|Any CPU.ActiveCfg = Debug|Any CPU
		{A2166F8D-3B1D-45AD-99D3-37E2AE4980E2}.Debug|Any CPU.Build.0 = Debug|Any CPU
		{A2166F8D-3B1D-45AD-99D3-37E2AE4980E2}.Release|Any CPU.ActiveCfg = Release|Any CPU
		{A2166F8D-3B1D-45AD-99D3-37E2AE4980E2}.Release|Any CPU.Build.0 = Release|Any CPU
	EndGlobalSection
	GlobalSection(SolutionProperties) = preSolution
		HideSolutionNode = FALSE
	EndGlobalSection
	GlobalSection(ExtensibilityGlobals) = postSolution
		SolutionGuid = {C109716E-C0C0-48EF-958C-E3199C7F96E5}
	EndGlobalSection
EndGlobal
