
Microsoft Visual Studio Solution File, Format Version 12.00
# Visual Studio Version 16
VisualStudioVersion = 16.0.31402.337
MinimumVisualStudioVersion = 10.0.40219.1
Project("{FAE04EC0-301F-11D3-BF4B-00C04F79EFBC}") = "ripasso2", "ripasso2\ripasso2.csproj", "{7259BE50-7D58-42ED-920E-61F291663A2D}"
EndProject
Global
	GlobalSection(SolutionConfigurationPlatforms) = preSolution
		Debug|Any CPU = Debug|Any CPU
		Release|Any CPU = Release|Any CPU
	EndGlobalSection
	GlobalSection(ProjectConfigurationPlatforms) = postSolution
		{7259BE50-7D58-42ED-920E-61F291663A2D}.Debug|Any CPU.ActiveCfg = Debug|Any CPU
		{7259BE50-7D58-42ED-920E-61F291663A2D}.Debug|Any CPU.Build.0 = Debug|Any CPU
		{7259BE50-7D58-42ED-920E-61F291663A2D}.Release|Any CPU.ActiveCfg = Release|Any CPU
		{7259BE50-7D58-42ED-920E-61F291663A2D}.Release|Any CPU.Build.0 = Release|Any CPU
	EndGlobalSection
	GlobalSection(SolutionProperties) = preSolution
		HideSolutionNode = FALSE
	EndGlobalSection
	GlobalSection(ExtensibilityGlobals) = postSolution
		SolutionGuid = {F63AAC68-6644-4FFD-9BEF-DAF65C51F087}
	EndGlobalSection
EndGlobal
